// !$*UTF8*$!
{
	archiveVersion = 1;
	classes = {
	};
	objectVersion = 51;
	objects = {

/* Begin PBXBuildFile section */
		8DAC5B4F24C1BA3B007A8B67 /* AppDelegate.swift in Sources */ = {isa = PBXBuildFile; fileRef = 8DAC5B4E24C1BA3B007A8B67 /* AppDelegate.swift */; };
		8DAC5B5124C1BA3B007A8B67 /* SceneDelegate.swift in Sources */ = {isa = PBXBuildFile; fileRef = 8DAC5B5024C1BA3B007A8B67 /* SceneDelegate.swift */; };
		8DAC5B5824C1BA3C007A8B67 /* Assets.xcassets in Resources */ = {isa = PBXBuildFile; fileRef = 8DAC5B5724C1BA3C007A8B67 /* Assets.xcassets */; };
		8DAC5B5B24C1BA3C007A8B67 /* LaunchScreen.storyboard in Resources */ = {isa = PBXBuildFile; fileRef = 8DAC5B5924C1BA3C007A8B67 /* LaunchScreen.storyboard */; };
		8DAC5B6624C1BA3C007A8B67 /* WantedlyChallengeTests.swift in Sources */ = {isa = PBXBuildFile; fileRef = 8DAC5B6524C1BA3C007A8B67 /* WantedlyChallengeTests.swift */; };
		8DAC5B7124C1BA3C007A8B67 /* WantedlyChallengeUITests.swift in Sources */ = {isa = PBXBuildFile; fileRef = 8DAC5B7024C1BA3C007A8B67 /* WantedlyChallengeUITests.swift */; };
		8DAC5BD824C27B5A007A8B67 /* RxRelay.framework in Frameworks */ = {isa = PBXBuildFile; fileRef = 8DAC5BC824C27B59007A8B67 /* RxRelay.framework */; };
		8DAC5BDA24C27B5A007A8B67 /* RxSwift.framework in Frameworks */ = {isa = PBXBuildFile; fileRef = 8DAC5BC924C27B5A007A8B67 /* RxSwift.framework */; };
		8DAC5BDE24C27B5B007A8B67 /* DiffableDataSources.framework in Frameworks */ = {isa = PBXBuildFile; fileRef = 8DAC5BCB24C27B5A007A8B67 /* DiffableDataSources.framework */; };
		8DAC5BE024C27B5B007A8B67 /* SwinjectAutoregistration.framework in Frameworks */ = {isa = PBXBuildFile; fileRef = 8DAC5BCC24C27B5A007A8B67 /* SwinjectAutoregistration.framework */; };
		8DAC5BE424C27B5B007A8B67 /* ReactorKitRuntime.framework in Frameworks */ = {isa = PBXBuildFile; fileRef = 8DAC5BCE24C27B5A007A8B67 /* ReactorKitRuntime.framework */; };
		8DAC5BE624C27B5B007A8B67 /* RxCocoa.framework in Frameworks */ = {isa = PBXBuildFile; fileRef = 8DAC5BCF24C27B5A007A8B67 /* RxCocoa.framework */; };
		8DAC5BE824C27B5C007A8B67 /* RxOptional.framework in Frameworks */ = {isa = PBXBuildFile; fileRef = 8DAC5BD024C27B5A007A8B67 /* RxOptional.framework */; };
		8DAC5BEA24C27B5C007A8B67 /* Swinject.framework in Frameworks */ = {isa = PBXBuildFile; fileRef = 8DAC5BD124C27B5A007A8B67 /* Swinject.framework */; };
		8DAC5BEC24C27B5C007A8B67 /* SDWebImageMapKit.framework in Frameworks */ = {isa = PBXBuildFile; fileRef = 8DAC5BD224C27B5A007A8B67 /* SDWebImageMapKit.framework */; };
		8DAC5BF024C27B5D007A8B67 /* SDWebImage.framework in Frameworks */ = {isa = PBXBuildFile; fileRef = 8DAC5BD424C27B5A007A8B67 /* SDWebImage.framework */; };
		8DAC5BF224C27B5E007A8B67 /* ReactorKit.framework in Frameworks */ = {isa = PBXBuildFile; fileRef = 8DAC5BD524C27B5A007A8B67 /* ReactorKit.framework */; };
		8DAC5BF424C27B5E007A8B67 /* Moya.framework in Frameworks */ = {isa = PBXBuildFile; fileRef = 8DAC5BD624C27B5A007A8B67 /* Moya.framework */; };
		8DAC5BF624C27B5F007A8B67 /* RxMoya.framework in Frameworks */ = {isa = PBXBuildFile; fileRef = 8DAC5BD724C27B5A007A8B67 /* RxMoya.framework */; };
		8DAC5BFA24C27DAC007A8B67 /* Alamofire.framework in Frameworks */ = {isa = PBXBuildFile; fileRef = 8DAC5BD324C27B5A007A8B67 /* Alamofire.framework */; };
		8DAC5BFC24C27DAC007A8B67 /* DifferenceKit.framework in Frameworks */ = {isa = PBXBuildFile; fileRef = 8DAC5BCD24C27B5A007A8B67 /* DifferenceKit.framework */; };
		8DAC5C0124C28801007A8B67 /* WeakMapTable.framework in Frameworks */ = {isa = PBXBuildFile; fileRef = 8DAC5C0024C28801007A8B67 /* WeakMapTable.framework */; };
		8DAC5C0824C2A130007A8B67 /* RecrutingCellView.xib in Resources */ = {isa = PBXBuildFile; fileRef = 8DAC5C0724C2A130007A8B67 /* RecrutingCellView.xib */; };
		8DAC5C0A24C2A140007A8B67 /* RecrutingCellView.swift in Sources */ = {isa = PBXBuildFile; fileRef = 8DAC5C0924C2A140007A8B67 /* RecrutingCellView.swift */; };
		8DAC5C0D24C2A167007A8B67 /* RecrutingCollectionViewCell.xib in Resources */ = {isa = PBXBuildFile; fileRef = 8DAC5C0C24C2A167007A8B67 /* RecrutingCollectionViewCell.xib */; };
		8DAC5C0F24C2A1DE007A8B67 /* RecrutingCollectionViewCell.swift in Sources */ = {isa = PBXBuildFile; fileRef = 8DAC5C0E24C2A1DE007A8B67 /* RecrutingCollectionViewCell.swift */; };
		8DAC5C1224C2B529007A8B67 /* loadXib.swift in Sources */ = {isa = PBXBuildFile; fileRef = 8DAC5C1124C2B529007A8B67 /* loadXib.swift */; };
		8DAC5C1624C2E35C007A8B67 /* RecrutingCatalogView.xib in Resources */ = {isa = PBXBuildFile; fileRef = 8DAC5C1524C2E35C007A8B67 /* RecrutingCatalogView.xib */; };
		8DAC5C1824C2E36F007A8B67 /* RecrutingCatalogViewController.swift in Sources */ = {isa = PBXBuildFile; fileRef = 8DAC5C1724C2E36F007A8B67 /* RecrutingCatalogViewController.swift */; };
		8DAC5C1B24C2EDE2007A8B67 /* RecrutingCatalogViewReactor.swift in Sources */ = {isa = PBXBuildFile; fileRef = 8DAC5C1A24C2EDE2007A8B67 /* RecrutingCatalogViewReactor.swift */; };
		8DAC5C1E24C3D714007A8B67 /* Recruitment.swift in Sources */ = {isa = PBXBuildFile; fileRef = 8DAC5C1D24C3D714007A8B67 /* Recruitment.swift */; };
		8DAC5C2024C3FDE8007A8B67 /* Image.swift in Sources */ = {isa = PBXBuildFile; fileRef = 8DAC5C1F24C3FDE8007A8B67 /* Image.swift */; };
		8DAC5C2224C3FDEF007A8B67 /* Leader.swift in Sources */ = {isa = PBXBuildFile; fileRef = 8DAC5C2124C3FDEF007A8B67 /* Leader.swift */; };
		8DAC5C2424C3FDFA007A8B67 /* Company.swift in Sources */ = {isa = PBXBuildFile; fileRef = 8DAC5C2324C3FDFA007A8B67 /* Company.swift */; };
		8DAC5C2624C3FE6C007A8B67 /* Staff.swift in Sources */ = {isa = PBXBuildFile; fileRef = 8DAC5C2524C3FE6C007A8B67 /* Staff.swift */; };
		8DAC5C2824C42CB1007A8B67 /* RecruitmentRepository.swift in Sources */ = {isa = PBXBuildFile; fileRef = 8DAC5C2724C42CB1007A8B67 /* RecruitmentRepository.swift */; };
		8DAC5C2A24C42D69007A8B67 /* Page.swift in Sources */ = {isa = PBXBuildFile; fileRef = 8DAC5C2924C42D69007A8B67 /* Page.swift */; };
		8DAC5C2E24C4303B007A8B67 /* WantedlyRequest.swift in Sources */ = {isa = PBXBuildFile; fileRef = 8DAC5C2D24C4303B007A8B67 /* WantedlyRequest.swift */; };
		8DAC5C3024C500BF007A8B67 /* RecruitmentService.swift in Sources */ = {isa = PBXBuildFile; fileRef = 8DAC5C2F24C500BF007A8B67 /* RecruitmentService.swift */; };
		8DAC5C3324C50FED007A8B67 /* SectionModel.swift in Sources */ = {isa = PBXBuildFile; fileRef = 8DAC5C3224C50FED007A8B67 /* SectionModel.swift */; };
		8DAC5C3524C50FF7007A8B67 /* CellItem.swift in Sources */ = {isa = PBXBuildFile; fileRef = 8DAC5C3424C50FF7007A8B67 /* CellItem.swift */; };
		8DAC5C3724C52C7F007A8B67 /* UICollectionView+CustomCellRegister.swift in Sources */ = {isa = PBXBuildFile; fileRef = 8DAC5C3624C52C7F007A8B67 /* UICollectionView+CustomCellRegister.swift */; };
		8DAC5C3924C52E26007A8B67 /* UICollectionView+ReuseCustomCell.swift in Sources */ = {isa = PBXBuildFile; fileRef = 8DAC5C3824C52E26007A8B67 /* UICollectionView+ReuseCustomCell.swift */; };
		8DAC5C3B24C53699007A8B67 /* UIViewController+Rx.swift in Sources */ = {isa = PBXBuildFile; fileRef = 8DAC5C3A24C53699007A8B67 /* UIViewController+Rx.swift */; };
		8DAC5C3D24C536AA007A8B67 /* UIScrollView+Rx.swift in Sources */ = {isa = PBXBuildFile; fileRef = 8DAC5C3C24C536AA007A8B67 /* UIScrollView+Rx.swift */; };
/* End PBXBuildFile section */

/* Begin PBXContainerItemProxy section */
		8DAC5B6224C1BA3C007A8B67 /* PBXContainerItemProxy */ = {
			isa = PBXContainerItemProxy;
			containerPortal = 8DAC5B4324C1BA3B007A8B67 /* Project object */;
			proxyType = 1;
			remoteGlobalIDString = 8DAC5B4A24C1BA3B007A8B67;
			remoteInfo = WantedlyChallenge;
		};
		8DAC5B6D24C1BA3C007A8B67 /* PBXContainerItemProxy */ = {
			isa = PBXContainerItemProxy;
			containerPortal = 8DAC5B4324C1BA3B007A8B67 /* Project object */;
			proxyType = 1;
			remoteGlobalIDString = 8DAC5B4A24C1BA3B007A8B67;
			remoteInfo = WantedlyChallenge;
		};
/* End PBXContainerItemProxy section */

/* Begin PBXFileReference section */
		8DAC5B4B24C1BA3B007A8B67 /* WantedlyChallenge.app */ = {isa = PBXFileReference; explicitFileType = wrapper.application; includeInIndex = 0; path = WantedlyChallenge.app; sourceTree = BUILT_PRODUCTS_DIR; };
		8DAC5B4E24C1BA3B007A8B67 /* AppDelegate.swift */ = {isa = PBXFileReference; lastKnownFileType = sourcecode.swift; path = AppDelegate.swift; sourceTree = "<group>"; };
		8DAC5B5024C1BA3B007A8B67 /* SceneDelegate.swift */ = {isa = PBXFileReference; lastKnownFileType = sourcecode.swift; path = SceneDelegate.swift; sourceTree = "<group>"; };
		8DAC5B5724C1BA3C007A8B67 /* Assets.xcassets */ = {isa = PBXFileReference; lastKnownFileType = folder.assetcatalog; path = Assets.xcassets; sourceTree = "<group>"; };
		8DAC5B5A24C1BA3C007A8B67 /* Base */ = {isa = PBXFileReference; lastKnownFileType = file.storyboard; name = Base; path = Base.lproj/LaunchScreen.storyboard; sourceTree = "<group>"; };
		8DAC5B5C24C1BA3C007A8B67 /* Info.plist */ = {isa = PBXFileReference; lastKnownFileType = text.plist.xml; path = Info.plist; sourceTree = "<group>"; };
		8DAC5B6124C1BA3C007A8B67 /* WantedlyChallengeTests.xctest */ = {isa = PBXFileReference; explicitFileType = wrapper.cfbundle; includeInIndex = 0; path = WantedlyChallengeTests.xctest; sourceTree = BUILT_PRODUCTS_DIR; };
		8DAC5B6524C1BA3C007A8B67 /* WantedlyChallengeTests.swift */ = {isa = PBXFileReference; lastKnownFileType = sourcecode.swift; path = WantedlyChallengeTests.swift; sourceTree = "<group>"; };
		8DAC5B6724C1BA3C007A8B67 /* Info.plist */ = {isa = PBXFileReference; lastKnownFileType = text.plist.xml; path = Info.plist; sourceTree = "<group>"; };
		8DAC5B6C24C1BA3C007A8B67 /* WantedlyChallengeUITests.xctest */ = {isa = PBXFileReference; explicitFileType = wrapper.cfbundle; includeInIndex = 0; path = WantedlyChallengeUITests.xctest; sourceTree = BUILT_PRODUCTS_DIR; };
		8DAC5B7024C1BA3C007A8B67 /* WantedlyChallengeUITests.swift */ = {isa = PBXFileReference; lastKnownFileType = sourcecode.swift; path = WantedlyChallengeUITests.swift; sourceTree = "<group>"; };
		8DAC5B7224C1BA3C007A8B67 /* Info.plist */ = {isa = PBXFileReference; lastKnownFileType = text.plist.xml; path = Info.plist; sourceTree = "<group>"; };
		8DAC5BC524C275D4007A8B67 /* CarthageOutput.xcfilelist */ = {isa = PBXFileReference; lastKnownFileType = text.xcfilelist; path = CarthageOutput.xcfilelist; sourceTree = "<group>"; };
		8DAC5BC624C275E5007A8B67 /* CarthageInput.xcfilelist */ = {isa = PBXFileReference; lastKnownFileType = text.xcfilelist; path = CarthageInput.xcfilelist; sourceTree = "<group>"; };
		8DAC5BC824C27B59007A8B67 /* RxRelay.framework */ = {isa = PBXFileReference; lastKnownFileType = wrapper.framework; name = RxRelay.framework; path = Carthage/Build/iOS/RxRelay.framework; sourceTree = "<group>"; };
		8DAC5BC924C27B5A007A8B67 /* RxSwift.framework */ = {isa = PBXFileReference; lastKnownFileType = wrapper.framework; name = RxSwift.framework; path = Carthage/Build/iOS/RxSwift.framework; sourceTree = "<group>"; };
		8DAC5BCA24C27B5A007A8B67 /* RxBlocking.framework */ = {isa = PBXFileReference; lastKnownFileType = wrapper.framework; name = RxBlocking.framework; path = Carthage/Build/iOS/RxBlocking.framework; sourceTree = "<group>"; };
		8DAC5BCB24C27B5A007A8B67 /* DiffableDataSources.framework */ = {isa = PBXFileReference; lastKnownFileType = wrapper.framework; name = DiffableDataSources.framework; path = Carthage/Build/iOS/DiffableDataSources.framework; sourceTree = "<group>"; };
		8DAC5BCC24C27B5A007A8B67 /* SwinjectAutoregistration.framework */ = {isa = PBXFileReference; lastKnownFileType = wrapper.framework; name = SwinjectAutoregistration.framework; path = Carthage/Build/iOS/SwinjectAutoregistration.framework; sourceTree = "<group>"; };
		8DAC5BCD24C27B5A007A8B67 /* DifferenceKit.framework */ = {isa = PBXFileReference; lastKnownFileType = wrapper.framework; name = DifferenceKit.framework; path = Carthage/Build/iOS/DifferenceKit.framework; sourceTree = "<group>"; };
		8DAC5BCE24C27B5A007A8B67 /* ReactorKitRuntime.framework */ = {isa = PBXFileReference; lastKnownFileType = wrapper.framework; name = ReactorKitRuntime.framework; path = Carthage/Build/iOS/ReactorKitRuntime.framework; sourceTree = "<group>"; };
		8DAC5BCF24C27B5A007A8B67 /* RxCocoa.framework */ = {isa = PBXFileReference; lastKnownFileType = wrapper.framework; name = RxCocoa.framework; path = Carthage/Build/iOS/RxCocoa.framework; sourceTree = "<group>"; };
		8DAC5BD024C27B5A007A8B67 /* RxOptional.framework */ = {isa = PBXFileReference; lastKnownFileType = wrapper.framework; name = RxOptional.framework; path = Carthage/Build/iOS/RxOptional.framework; sourceTree = "<group>"; };
		8DAC5BD124C27B5A007A8B67 /* Swinject.framework */ = {isa = PBXFileReference; lastKnownFileType = wrapper.framework; name = Swinject.framework; path = Carthage/Build/iOS/Swinject.framework; sourceTree = "<group>"; };
		8DAC5BD224C27B5A007A8B67 /* SDWebImageMapKit.framework */ = {isa = PBXFileReference; lastKnownFileType = wrapper.framework; name = SDWebImageMapKit.framework; path = Carthage/Build/iOS/SDWebImageMapKit.framework; sourceTree = "<group>"; };
		8DAC5BD324C27B5A007A8B67 /* Alamofire.framework */ = {isa = PBXFileReference; lastKnownFileType = wrapper.framework; name = Alamofire.framework; path = Carthage/Build/iOS/Alamofire.framework; sourceTree = "<group>"; };
		8DAC5BD424C27B5A007A8B67 /* SDWebImage.framework */ = {isa = PBXFileReference; lastKnownFileType = wrapper.framework; name = SDWebImage.framework; path = Carthage/Build/iOS/SDWebImage.framework; sourceTree = "<group>"; };
		8DAC5BD524C27B5A007A8B67 /* ReactorKit.framework */ = {isa = PBXFileReference; lastKnownFileType = wrapper.framework; name = ReactorKit.framework; path = Carthage/Build/iOS/ReactorKit.framework; sourceTree = "<group>"; };
		8DAC5BD624C27B5A007A8B67 /* Moya.framework */ = {isa = PBXFileReference; lastKnownFileType = wrapper.framework; name = Moya.framework; path = Carthage/Build/iOS/Moya.framework; sourceTree = "<group>"; };
		8DAC5BD724C27B5A007A8B67 /* RxMoya.framework */ = {isa = PBXFileReference; lastKnownFileType = wrapper.framework; name = RxMoya.framework; path = Carthage/Build/iOS/RxMoya.framework; sourceTree = "<group>"; };
		8DAC5C0024C28801007A8B67 /* WeakMapTable.framework */ = {isa = PBXFileReference; lastKnownFileType = wrapper.framework; name = WeakMapTable.framework; path = Carthage/Build/iOS/WeakMapTable.framework; sourceTree = "<group>"; };
		8DAC5C0724C2A130007A8B67 /* RecrutingCellView.xib */ = {isa = PBXFileReference; lastKnownFileType = file.xib; path = RecrutingCellView.xib; sourceTree = "<group>"; };
		8DAC5C0924C2A140007A8B67 /* RecrutingCellView.swift */ = {isa = PBXFileReference; lastKnownFileType = sourcecode.swift; path = RecrutingCellView.swift; sourceTree = "<group>"; };
		8DAC5C0C24C2A167007A8B67 /* RecrutingCollectionViewCell.xib */ = {isa = PBXFileReference; lastKnownFileType = file.xib; path = RecrutingCollectionViewCell.xib; sourceTree = "<group>"; };
		8DAC5C0E24C2A1DE007A8B67 /* RecrutingCollectionViewCell.swift */ = {isa = PBXFileReference; lastKnownFileType = sourcecode.swift; path = RecrutingCollectionViewCell.swift; sourceTree = "<group>"; };
		8DAC5C1124C2B529007A8B67 /* loadXib.swift */ = {isa = PBXFileReference; lastKnownFileType = sourcecode.swift; path = loadXib.swift; sourceTree = "<group>"; };
		8DAC5C1524C2E35C007A8B67 /* RecrutingCatalogView.xib */ = {isa = PBXFileReference; lastKnownFileType = file.xib; path = RecrutingCatalogView.xib; sourceTree = "<group>"; };
		8DAC5C1724C2E36F007A8B67 /* RecrutingCatalogViewController.swift */ = {isa = PBXFileReference; lastKnownFileType = sourcecode.swift; path = RecrutingCatalogViewController.swift; sourceTree = "<group>"; };
		8DAC5C1A24C2EDE2007A8B67 /* RecrutingCatalogViewReactor.swift */ = {isa = PBXFileReference; lastKnownFileType = sourcecode.swift; path = RecrutingCatalogViewReactor.swift; sourceTree = "<group>"; };
		8DAC5C1D24C3D714007A8B67 /* Recruitment.swift */ = {isa = PBXFileReference; lastKnownFileType = sourcecode.swift; path = Recruitment.swift; sourceTree = "<group>"; };
		8DAC5C1F24C3FDE8007A8B67 /* Image.swift */ = {isa = PBXFileReference; lastKnownFileType = sourcecode.swift; path = Image.swift; sourceTree = "<group>"; };
		8DAC5C2124C3FDEF007A8B67 /* Leader.swift */ = {isa = PBXFileReference; lastKnownFileType = sourcecode.swift; path = Leader.swift; sourceTree = "<group>"; };
		8DAC5C2324C3FDFA007A8B67 /* Company.swift */ = {isa = PBXFileReference; lastKnownFileType = sourcecode.swift; path = Company.swift; sourceTree = "<group>"; };
		8DAC5C2524C3FE6C007A8B67 /* Staff.swift */ = {isa = PBXFileReference; lastKnownFileType = sourcecode.swift; path = Staff.swift; sourceTree = "<group>"; };
		8DAC5C2724C42CB1007A8B67 /* RecruitmentRepository.swift */ = {isa = PBXFileReference; lastKnownFileType = sourcecode.swift; path = RecruitmentRepository.swift; sourceTree = "<group>"; };
		8DAC5C2924C42D69007A8B67 /* Page.swift */ = {isa = PBXFileReference; lastKnownFileType = sourcecode.swift; path = Page.swift; sourceTree = "<group>"; };
		8DAC5C2D24C4303B007A8B67 /* WantedlyRequest.swift */ = {isa = PBXFileReference; lastKnownFileType = sourcecode.swift; path = WantedlyRequest.swift; sourceTree = "<group>"; };
		8DAC5C2F24C500BF007A8B67 /* RecruitmentService.swift */ = {isa = PBXFileReference; lastKnownFileType = sourcecode.swift; path = RecruitmentService.swift; sourceTree = "<group>"; };
		8DAC5C3224C50FED007A8B67 /* SectionModel.swift */ = {isa = PBXFileReference; lastKnownFileType = sourcecode.swift; path = SectionModel.swift; sourceTree = "<group>"; };
		8DAC5C3424C50FF7007A8B67 /* CellItem.swift */ = {isa = PBXFileReference; lastKnownFileType = sourcecode.swift; path = CellItem.swift; sourceTree = "<group>"; };
		8DAC5C3624C52C7F007A8B67 /* UICollectionView+CustomCellRegister.swift */ = {isa = PBXFileReference; lastKnownFileType = sourcecode.swift; path = "UICollectionView+CustomCellRegister.swift"; sourceTree = "<group>"; };
		8DAC5C3824C52E26007A8B67 /* UICollectionView+ReuseCustomCell.swift */ = {isa = PBXFileReference; lastKnownFileType = sourcecode.swift; path = "UICollectionView+ReuseCustomCell.swift"; sourceTree = "<group>"; };
		8DAC5C3A24C53699007A8B67 /* UIViewController+Rx.swift */ = {isa = PBXFileReference; lastKnownFileType = sourcecode.swift; path = "UIViewController+Rx.swift"; sourceTree = "<group>"; };
		8DAC5C3C24C536AA007A8B67 /* UIScrollView+Rx.swift */ = {isa = PBXFileReference; lastKnownFileType = sourcecode.swift; path = "UIScrollView+Rx.swift"; sourceTree = "<group>"; };
/* End PBXFileReference section */

/* Begin PBXFrameworksBuildPhase section */
		8DAC5B4824C1BA3B007A8B67 /* Frameworks */ = {
			isa = PBXFrameworksBuildPhase;
			buildActionMask = 2147483647;
			files = (
				8DAC5C0124C28801007A8B67 /* WeakMapTable.framework in Frameworks */,
				8DAC5BEC24C27B5C007A8B67 /* SDWebImageMapKit.framework in Frameworks */,
				8DAC5BF424C27B5E007A8B67 /* Moya.framework in Frameworks */,
				8DAC5BFC24C27DAC007A8B67 /* DifferenceKit.framework in Frameworks */,
				8DAC5BE024C27B5B007A8B67 /* SwinjectAutoregistration.framework in Frameworks */,
				8DAC5BE824C27B5C007A8B67 /* RxOptional.framework in Frameworks */,
				8DAC5BDE24C27B5B007A8B67 /* DiffableDataSources.framework in Frameworks */,
				8DAC5BEA24C27B5C007A8B67 /* Swinject.framework in Frameworks */,
				8DAC5BDA24C27B5A007A8B67 /* RxSwift.framework in Frameworks */,
				8DAC5BE624C27B5B007A8B67 /* RxCocoa.framework in Frameworks */,
				8DAC5BF024C27B5D007A8B67 /* SDWebImage.framework in Frameworks */,
				8DAC5BF224C27B5E007A8B67 /* ReactorKit.framework in Frameworks */,
				8DAC5BF624C27B5F007A8B67 /* RxMoya.framework in Frameworks */,
				8DAC5BFA24C27DAC007A8B67 /* Alamofire.framework in Frameworks */,
				8DAC5BD824C27B5A007A8B67 /* RxRelay.framework in Frameworks */,
				8DAC5BE424C27B5B007A8B67 /* ReactorKitRuntime.framework in Frameworks */,
			);
			runOnlyForDeploymentPostprocessing = 0;
		};
		8DAC5B5E24C1BA3C007A8B67 /* Frameworks */ = {
			isa = PBXFrameworksBuildPhase;
			buildActionMask = 2147483647;
			files = (
			);
			runOnlyForDeploymentPostprocessing = 0;
		};
		8DAC5B6924C1BA3C007A8B67 /* Frameworks */ = {
			isa = PBXFrameworksBuildPhase;
			buildActionMask = 2147483647;
			files = (
			);
			runOnlyForDeploymentPostprocessing = 0;
		};
/* End PBXFrameworksBuildPhase section */

/* Begin PBXGroup section */
		8DAC5B4224C1BA3B007A8B67 = {
			isa = PBXGroup;
			children = (
				8DAC5BC624C275E5007A8B67 /* CarthageInput.xcfilelist */,
				8DAC5BC524C275D4007A8B67 /* CarthageOutput.xcfilelist */,
				8DAC5B4D24C1BA3B007A8B67 /* WantedlyChallenge */,
				8DAC5B6424C1BA3C007A8B67 /* WantedlyChallengeTests */,
				8DAC5B6F24C1BA3C007A8B67 /* WantedlyChallengeUITests */,
				8DAC5B4C24C1BA3B007A8B67 /* Products */,
				8DAC5BC724C27B59007A8B67 /* Frameworks */,
			);
			sourceTree = "<group>";
		};
		8DAC5B4C24C1BA3B007A8B67 /* Products */ = {
			isa = PBXGroup;
			children = (
				8DAC5B4B24C1BA3B007A8B67 /* WantedlyChallenge.app */,
				8DAC5B6124C1BA3C007A8B67 /* WantedlyChallengeTests.xctest */,
				8DAC5B6C24C1BA3C007A8B67 /* WantedlyChallengeUITests.xctest */,
			);
			name = Products;
			sourceTree = "<group>";
		};
		8DAC5B4D24C1BA3B007A8B67 /* WantedlyChallenge */ = {
			isa = PBXGroup;
			children = (
				8DAC5C3124C50D1B007A8B67 /* CellModel */,
				8DAC5C1C24C2EF3D007A8B67 /* Entity */,
				8DAC5C1024C2A519007A8B67 /* Extension */,
				8DAC5BC424C2733B007A8B67 /* Routing */,
				8DAC5BC324C2732F007A8B67 /* Repository */,
				8DAC5BC224C27327007A8B67 /* Service */,
				8DAC5BC124C27321007A8B67 /* Reactor */,
				8DAC5BBE24C27308007A8B67 /* UI */,
				8DAC5B4E24C1BA3B007A8B67 /* AppDelegate.swift */,
				8DAC5B5024C1BA3B007A8B67 /* SceneDelegate.swift */,
				8DAC5B5724C1BA3C007A8B67 /* Assets.xcassets */,
				8DAC5B5924C1BA3C007A8B67 /* LaunchScreen.storyboard */,
				8DAC5B5C24C1BA3C007A8B67 /* Info.plist */,
			);
			path = WantedlyChallenge;
			sourceTree = "<group>";
		};
		8DAC5B6424C1BA3C007A8B67 /* WantedlyChallengeTests */ = {
			isa = PBXGroup;
			children = (
				8DAC5B6524C1BA3C007A8B67 /* WantedlyChallengeTests.swift */,
				8DAC5B6724C1BA3C007A8B67 /* Info.plist */,
			);
			path = WantedlyChallengeTests;
			sourceTree = "<group>";
		};
		8DAC5B6F24C1BA3C007A8B67 /* WantedlyChallengeUITests */ = {
			isa = PBXGroup;
			children = (
				8DAC5B7024C1BA3C007A8B67 /* WantedlyChallengeUITests.swift */,
				8DAC5B7224C1BA3C007A8B67 /* Info.plist */,
			);
			path = WantedlyChallengeUITests;
			sourceTree = "<group>";
		};
		8DAC5BBE24C27308007A8B67 /* UI */ = {
			isa = PBXGroup;
			children = (
				8DAC5BC024C27316007A8B67 /* ViewController */,
				8DAC5BBF24C2730D007A8B67 /* Component */,
			);
			path = UI;
			sourceTree = "<group>";
		};
		8DAC5BBF24C2730D007A8B67 /* Component */ = {
			isa = PBXGroup;
			children = (
				8DAC5C0524C2972D007A8B67 /* CollectionViewCell */,
				8DAC5C0424C29721007A8B67 /* View */,
			);
			path = Component;
			sourceTree = "<group>";
		};
		8DAC5BC024C27316007A8B67 /* ViewController */ = {
			isa = PBXGroup;
			children = (
				8DAC5C1424C2B696007A8B67 /* Recruting */,
				8DAC5C1324C2B673007A8B67 /* RecrutingCatalog */,
			);
			path = ViewController;
			sourceTree = "<group>";
		};
		8DAC5BC124C27321007A8B67 /* Reactor */ = {
			isa = PBXGroup;
			children = (
				8DAC5C1924C2EDC7007A8B67 /* RecrutingCatalog */,
			);
			path = Reactor;
			sourceTree = "<group>";
		};
		8DAC5BC224C27327007A8B67 /* Service */ = {
			isa = PBXGroup;
			children = (
				8DAC5C2F24C500BF007A8B67 /* RecruitmentService.swift */,
			);
			path = Service;
			sourceTree = "<group>";
		};
		8DAC5BC324C2732F007A8B67 /* Repository */ = {
			isa = PBXGroup;
			children = (
				8DAC5C2724C42CB1007A8B67 /* RecruitmentRepository.swift */,
				8DAC5C2D24C4303B007A8B67 /* WantedlyRequest.swift */,
			);
			path = Repository;
			sourceTree = "<group>";
		};
		8DAC5BC424C2733B007A8B67 /* Routing */ = {
			isa = PBXGroup;
			children = (
			);
			path = Routing;
			sourceTree = "<group>";
		};
		8DAC5BC724C27B59007A8B67 /* Frameworks */ = {
			isa = PBXGroup;
			children = (
				8DAC5C0024C28801007A8B67 /* WeakMapTable.framework */,
				8DAC5BD324C27B5A007A8B67 /* Alamofire.framework */,
				8DAC5BCB24C27B5A007A8B67 /* DiffableDataSources.framework */,
				8DAC5BCD24C27B5A007A8B67 /* DifferenceKit.framework */,
				8DAC5BD624C27B5A007A8B67 /* Moya.framework */,
				8DAC5BD524C27B5A007A8B67 /* ReactorKit.framework */,
				8DAC5BCE24C27B5A007A8B67 /* ReactorKitRuntime.framework */,
				8DAC5BCA24C27B5A007A8B67 /* RxBlocking.framework */,
				8DAC5BCF24C27B5A007A8B67 /* RxCocoa.framework */,
				8DAC5BD724C27B5A007A8B67 /* RxMoya.framework */,
				8DAC5BD024C27B5A007A8B67 /* RxOptional.framework */,
				8DAC5BC824C27B59007A8B67 /* RxRelay.framework */,
				8DAC5BC924C27B5A007A8B67 /* RxSwift.framework */,
				8DAC5BD424C27B5A007A8B67 /* SDWebImage.framework */,
				8DAC5BD224C27B5A007A8B67 /* SDWebImageMapKit.framework */,
				8DAC5BD124C27B5A007A8B67 /* Swinject.framework */,
				8DAC5BCC24C27B5A007A8B67 /* SwinjectAutoregistration.framework */,
			);
			name = Frameworks;
			sourceTree = "<group>";
		};
		8DAC5C0424C29721007A8B67 /* View */ = {
			isa = PBXGroup;
			children = (
				8DAC5C0624C29F91007A8B67 /* RecrutingCellView */,
			);
			path = View;
			sourceTree = "<group>";
		};
		8DAC5C0524C2972D007A8B67 /* CollectionViewCell */ = {
			isa = PBXGroup;
			children = (
				8DAC5C0B24C2A14D007A8B67 /* RecrutingCell */,
			);
			path = CollectionViewCell;
			sourceTree = "<group>";
		};
		8DAC5C0624C29F91007A8B67 /* RecrutingCellView */ = {
			isa = PBXGroup;
			children = (
				8DAC5C0724C2A130007A8B67 /* RecrutingCellView.xib */,
				8DAC5C0924C2A140007A8B67 /* RecrutingCellView.swift */,
			);
			path = RecrutingCellView;
			sourceTree = "<group>";
		};
		8DAC5C0B24C2A14D007A8B67 /* RecrutingCell */ = {
			isa = PBXGroup;
			children = (
				8DAC5C0C24C2A167007A8B67 /* RecrutingCollectionViewCell.xib */,
				8DAC5C0E24C2A1DE007A8B67 /* RecrutingCollectionViewCell.swift */,
			);
			path = RecrutingCell;
			sourceTree = "<group>";
		};
		8DAC5C1024C2A519007A8B67 /* Extension */ = {
			isa = PBXGroup;
			children = (
				8DAC5C1124C2B529007A8B67 /* loadXib.swift */,
				8DAC5C3624C52C7F007A8B67 /* UICollectionView+CustomCellRegister.swift */,
				8DAC5C3824C52E26007A8B67 /* UICollectionView+ReuseCustomCell.swift */,
				8DAC5C3A24C53699007A8B67 /* UIViewController+Rx.swift */,
				8DAC5C3C24C536AA007A8B67 /* UIScrollView+Rx.swift */,
			);
			path = Extension;
			sourceTree = "<group>";
		};
		8DAC5C1324C2B673007A8B67 /* RecrutingCatalog */ = {
			isa = PBXGroup;
			children = (
				8DAC5C1524C2E35C007A8B67 /* RecrutingCatalogView.xib */,
				8DAC5C1724C2E36F007A8B67 /* RecrutingCatalogViewController.swift */,
			);
			path = RecrutingCatalog;
			sourceTree = "<group>";
		};
		8DAC5C1424C2B696007A8B67 /* Recruting */ = {
			isa = PBXGroup;
			children = (
			);
			path = Recruting;
			sourceTree = "<group>";
		};
		8DAC5C1924C2EDC7007A8B67 /* RecrutingCatalog */ = {
			isa = PBXGroup;
			children = (
				8DAC5C1A24C2EDE2007A8B67 /* RecrutingCatalogViewReactor.swift */,
			);
			path = RecrutingCatalog;
			sourceTree = "<group>";
		};
		8DAC5C1C24C2EF3D007A8B67 /* Entity */ = {
			isa = PBXGroup;
			children = (
				8DAC5C1D24C3D714007A8B67 /* Recruitment.swift */,
				8DAC5C1F24C3FDE8007A8B67 /* Image.swift */,
				8DAC5C2124C3FDEF007A8B67 /* Leader.swift */,
				8DAC5C2324C3FDFA007A8B67 /* Company.swift */,
				8DAC5C2524C3FE6C007A8B67 /* Staff.swift */,
				8DAC5C2924C42D69007A8B67 /* Page.swift */,
			);
			path = Entity;
			sourceTree = "<group>";
		};
		8DAC5C3124C50D1B007A8B67 /* CellModel */ = {
			isa = PBXGroup;
			children = (
				8DAC5C3224C50FED007A8B67 /* SectionModel.swift */,
				8DAC5C3424C50FF7007A8B67 /* CellItem.swift */,
			);
			path = CellModel;
			sourceTree = "<group>";
		};
/* End PBXGroup section */

/* Begin PBXNativeTarget section */
		8DAC5B4A24C1BA3B007A8B67 /* WantedlyChallenge */ = {
			isa = PBXNativeTarget;
			buildConfigurationList = 8DAC5B7524C1BA3C007A8B67 /* Build configuration list for PBXNativeTarget "WantedlyChallenge" */;
			buildPhases = (
				8DAC5B4724C1BA3B007A8B67 /* Sources */,
				8DAC5B4824C1BA3B007A8B67 /* Frameworks */,
				8DAC5B4924C1BA3B007A8B67 /* Resources */,
				8DAC5BF924C27B6C007A8B67 /* Carthage */,
			);
			buildRules = (
			);
			dependencies = (
			);
			name = WantedlyChallenge;
			productName = WantedlyChallenge;
			productReference = 8DAC5B4B24C1BA3B007A8B67 /* WantedlyChallenge.app */;
			productType = "com.apple.product-type.application";
		};
		8DAC5B6024C1BA3C007A8B67 /* WantedlyChallengeTests */ = {
			isa = PBXNativeTarget;
			buildConfigurationList = 8DAC5B7824C1BA3C007A8B67 /* Build configuration list for PBXNativeTarget "WantedlyChallengeTests" */;
			buildPhases = (
				8DAC5B5D24C1BA3C007A8B67 /* Sources */,
				8DAC5B5E24C1BA3C007A8B67 /* Frameworks */,
				8DAC5B5F24C1BA3C007A8B67 /* Resources */,
			);
			buildRules = (
			);
			dependencies = (
				8DAC5B6324C1BA3C007A8B67 /* PBXTargetDependency */,
			);
			name = WantedlyChallengeTests;
			productName = WantedlyChallengeTests;
			productReference = 8DAC5B6124C1BA3C007A8B67 /* WantedlyChallengeTests.xctest */;
			productType = "com.apple.product-type.bundle.unit-test";
		};
		8DAC5B6B24C1BA3C007A8B67 /* WantedlyChallengeUITests */ = {
			isa = PBXNativeTarget;
			buildConfigurationList = 8DAC5B7B24C1BA3C007A8B67 /* Build configuration list for PBXNativeTarget "WantedlyChallengeUITests" */;
			buildPhases = (
				8DAC5B6824C1BA3C007A8B67 /* Sources */,
				8DAC5B6924C1BA3C007A8B67 /* Frameworks */,
				8DAC5B6A24C1BA3C007A8B67 /* Resources */,
			);
			buildRules = (
			);
			dependencies = (
				8DAC5B6E24C1BA3C007A8B67 /* PBXTargetDependency */,
			);
			name = WantedlyChallengeUITests;
			productName = WantedlyChallengeUITests;
			productReference = 8DAC5B6C24C1BA3C007A8B67 /* WantedlyChallengeUITests.xctest */;
			productType = "com.apple.product-type.bundle.ui-testing";
		};
/* End PBXNativeTarget section */

/* Begin PBXProject section */
		8DAC5B4324C1BA3B007A8B67 /* Project object */ = {
			isa = PBXProject;
			attributes = {
				LastSwiftUpdateCheck = 1150;
				LastUpgradeCheck = 1150;
				ORGANIZATIONNAME = Mori;
				TargetAttributes = {
					8DAC5B4A24C1BA3B007A8B67 = {
						CreatedOnToolsVersion = 11.5;
					};
					8DAC5B6024C1BA3C007A8B67 = {
						CreatedOnToolsVersion = 11.5;
						TestTargetID = 8DAC5B4A24C1BA3B007A8B67;
					};
					8DAC5B6B24C1BA3C007A8B67 = {
						CreatedOnToolsVersion = 11.5;
						TestTargetID = 8DAC5B4A24C1BA3B007A8B67;
					};
				};
			};
			buildConfigurationList = 8DAC5B4624C1BA3B007A8B67 /* Build configuration list for PBXProject "WantedlyChallenge" */;
			compatibilityVersion = "Xcode 9.3";
			developmentRegion = en;
			hasScannedForEncodings = 0;
			knownRegions = (
				en,
				Base,
			);
			mainGroup = 8DAC5B4224C1BA3B007A8B67;
			productRefGroup = 8DAC5B4C24C1BA3B007A8B67 /* Products */;
			projectDirPath = "";
			projectRoot = "";
			targets = (
				8DAC5B4A24C1BA3B007A8B67 /* WantedlyChallenge */,
				8DAC5B6024C1BA3C007A8B67 /* WantedlyChallengeTests */,
				8DAC5B6B24C1BA3C007A8B67 /* WantedlyChallengeUITests */,
			);
		};
/* End PBXProject section */

/* Begin PBXResourcesBuildPhase section */
		8DAC5B4924C1BA3B007A8B67 /* Resources */ = {
			isa = PBXResourcesBuildPhase;
			buildActionMask = 2147483647;
			files = (
				8DAC5B5B24C1BA3C007A8B67 /* LaunchScreen.storyboard in Resources */,
				8DAC5C0824C2A130007A8B67 /* RecrutingCellView.xib in Resources */,
				8DAC5C0D24C2A167007A8B67 /* RecrutingCollectionViewCell.xib in Resources */,
				8DAC5B5824C1BA3C007A8B67 /* Assets.xcassets in Resources */,
				8DAC5C1624C2E35C007A8B67 /* RecrutingCatalogView.xib in Resources */,
			);
			runOnlyForDeploymentPostprocessing = 0;
		};
		8DAC5B5F24C1BA3C007A8B67 /* Resources */ = {
			isa = PBXResourcesBuildPhase;
			buildActionMask = 2147483647;
			files = (
			);
			runOnlyForDeploymentPostprocessing = 0;
		};
		8DAC5B6A24C1BA3C007A8B67 /* Resources */ = {
			isa = PBXResourcesBuildPhase;
			buildActionMask = 2147483647;
			files = (
			);
			runOnlyForDeploymentPostprocessing = 0;
		};
/* End PBXResourcesBuildPhase section */

/* Begin PBXShellScriptBuildPhase section */
		8DAC5BF924C27B6C007A8B67 /* Carthage */ = {
			isa = PBXShellScriptBuildPhase;
			buildActionMask = 2147483647;
			files = (
			);
			inputFileListPaths = (
				"$(SRCROOT)/CarthageInput.xcfilelist",
			);
			inputPaths = (
			);
			name = Carthage;
			outputFileListPaths = (
				"$(SRCROOT)/CarthageOutput.xcfilelist",
			);
			outputPaths = (
			);
			runOnlyForDeploymentPostprocessing = 0;
			shellPath = /bin/sh;
			shellScript = "/usr/local/bin/carthage copy-frameworks\n";
		};
/* End PBXShellScriptBuildPhase section */

/* Begin PBXSourcesBuildPhase section */
		8DAC5B4724C1BA3B007A8B67 /* Sources */ = {
			isa = PBXSourcesBuildPhase;
			buildActionMask = 2147483647;
			files = (
				8DAC5C2E24C4303B007A8B67 /* WantedlyRequest.swift in Sources */,
				8DAC5C2224C3FDEF007A8B67 /* Leader.swift in Sources */,
				8DAC5B4F24C1BA3B007A8B67 /* AppDelegate.swift in Sources */,
				8DAC5C2024C3FDE8007A8B67 /* Image.swift in Sources */,
				8DAC5C0A24C2A140007A8B67 /* RecrutingCellView.swift in Sources */,
				8DAC5C2A24C42D69007A8B67 /* Page.swift in Sources */,
				8DAC5C3024C500BF007A8B67 /* RecruitmentService.swift in Sources */,
				8DAC5C0F24C2A1DE007A8B67 /* RecrutingCollectionViewCell.swift in Sources */,
				8DAC5C3924C52E26007A8B67 /* UICollectionView+ReuseCustomCell.swift in Sources */,
				8DAC5C2824C42CB1007A8B67 /* RecruitmentRepository.swift in Sources */,
				8DAC5B5124C1BA3B007A8B67 /* SceneDelegate.swift in Sources */,
				8DAC5C3524C50FF7007A8B67 /* CellItem.swift in Sources */,
				8DAC5C2624C3FE6C007A8B67 /* Staff.swift in Sources */,
				8DAC5C3B24C53699007A8B67 /* UIViewController+Rx.swift in Sources */,
				8DAC5C1E24C3D714007A8B67 /* Recruitment.swift in Sources */,
				8DAC5C2424C3FDFA007A8B67 /* Company.swift in Sources */,
				8DAC5C1824C2E36F007A8B67 /* RecrutingCatalogViewController.swift in Sources */,
				8DAC5C3724C52C7F007A8B67 /* UICollectionView+CustomCellRegister.swift in Sources */,
				8DAC5C1B24C2EDE2007A8B67 /* RecrutingCatalogViewReactor.swift in Sources */,
				8DAC5C3324C50FED007A8B67 /* SectionModel.swift in Sources */,
				8DAC5C1224C2B529007A8B67 /* loadXib.swift in Sources */,
				8DAC5C3D24C536AA007A8B67 /* UIScrollView+Rx.swift in Sources */,
			);
			runOnlyForDeploymentPostprocessing = 0;
		};
		8DAC5B5D24C1BA3C007A8B67 /* Sources */ = {
			isa = PBXSourcesBuildPhase;
			buildActionMask = 2147483647;
			files = (
				8DAC5B6624C1BA3C007A8B67 /* WantedlyChallengeTests.swift in Sources */,
			);
			runOnlyForDeploymentPostprocessing = 0;
		};
		8DAC5B6824C1BA3C007A8B67 /* Sources */ = {
			isa = PBXSourcesBuildPhase;
			buildActionMask = 2147483647;
			files = (
				8DAC5B7124C1BA3C007A8B67 /* WantedlyChallengeUITests.swift in Sources */,
			);
			runOnlyForDeploymentPostprocessing = 0;
		};
/* End PBXSourcesBuildPhase section */

/* Begin PBXTargetDependency section */
		8DAC5B6324C1BA3C007A8B67 /* PBXTargetDependency */ = {
			isa = PBXTargetDependency;
			target = 8DAC5B4A24C1BA3B007A8B67 /* WantedlyChallenge */;
			targetProxy = 8DAC5B6224C1BA3C007A8B67 /* PBXContainerItemProxy */;
		};
		8DAC5B6E24C1BA3C007A8B67 /* PBXTargetDependency */ = {
			isa = PBXTargetDependency;
			target = 8DAC5B4A24C1BA3B007A8B67 /* WantedlyChallenge */;
			targetProxy = 8DAC5B6D24C1BA3C007A8B67 /* PBXContainerItemProxy */;
		};
/* End PBXTargetDependency section */

/* Begin PBXVariantGroup section */
		8DAC5B5924C1BA3C007A8B67 /* LaunchScreen.storyboard */ = {
			isa = PBXVariantGroup;
			children = (
				8DAC5B5A24C1BA3C007A8B67 /* Base */,
			);
			name = LaunchScreen.storyboard;
			sourceTree = "<group>";
		};
/* End PBXVariantGroup section */

/* Begin XCBuildConfiguration section */
		8DAC5B7324C1BA3C007A8B67 /* Debug */ = {
			isa = XCBuildConfiguration;
			buildSettings = {
				ALWAYS_SEARCH_USER_PATHS = NO;
				CLANG_ANALYZER_NONNULL = YES;
				CLANG_ANALYZER_NUMBER_OBJECT_CONVERSION = YES_AGGRESSIVE;
				CLANG_CXX_LANGUAGE_STANDARD = "gnu++14";
				CLANG_CXX_LIBRARY = "libc++";
				CLANG_ENABLE_MODULES = YES;
				CLANG_ENABLE_OBJC_ARC = YES;
				CLANG_ENABLE_OBJC_WEAK = YES;
				CLANG_WARN_BLOCK_CAPTURE_AUTORELEASING = YES;
				CLANG_WARN_BOOL_CONVERSION = YES;
				CLANG_WARN_COMMA = YES;
				CLANG_WARN_CONSTANT_CONVERSION = YES;
				CLANG_WARN_DEPRECATED_OBJC_IMPLEMENTATIONS = YES;
				CLANG_WARN_DIRECT_OBJC_ISA_USAGE = YES_ERROR;
				CLANG_WARN_DOCUMENTATION_COMMENTS = YES;
				CLANG_WARN_EMPTY_BODY = YES;
				CLANG_WARN_ENUM_CONVERSION = YES;
				CLANG_WARN_INFINITE_RECURSION = YES;
				CLANG_WARN_INT_CONVERSION = YES;
				CLANG_WARN_NON_LITERAL_NULL_CONVERSION = YES;
				CLANG_WARN_OBJC_IMPLICIT_RETAIN_SELF = YES;
				CLANG_WARN_OBJC_LITERAL_CONVERSION = YES;
				CLANG_WARN_OBJC_ROOT_CLASS = YES_ERROR;
				CLANG_WARN_RANGE_LOOP_ANALYSIS = YES;
				CLANG_WARN_STRICT_PROTOTYPES = YES;
				CLANG_WARN_SUSPICIOUS_MOVE = YES;
				CLANG_WARN_UNGUARDED_AVAILABILITY = YES_AGGRESSIVE;
				CLANG_WARN_UNREACHABLE_CODE = YES;
				CLANG_WARN__DUPLICATE_METHOD_MATCH = YES;
				COPY_PHASE_STRIP = NO;
				DEBUG_INFORMATION_FORMAT = dwarf;
				ENABLE_STRICT_OBJC_MSGSEND = YES;
				ENABLE_TESTABILITY = YES;
				GCC_C_LANGUAGE_STANDARD = gnu11;
				GCC_DYNAMIC_NO_PIC = NO;
				GCC_NO_COMMON_BLOCKS = YES;
				GCC_OPTIMIZATION_LEVEL = 0;
				GCC_PREPROCESSOR_DEFINITIONS = (
					"DEBUG=1",
					"$(inherited)",
				);
				GCC_WARN_64_TO_32_BIT_CONVERSION = YES;
				GCC_WARN_ABOUT_RETURN_TYPE = YES_ERROR;
				GCC_WARN_UNDECLARED_SELECTOR = YES;
				GCC_WARN_UNINITIALIZED_AUTOS = YES_AGGRESSIVE;
				GCC_WARN_UNUSED_FUNCTION = YES;
				GCC_WARN_UNUSED_VARIABLE = YES;
				IPHONEOS_DEPLOYMENT_TARGET = 13.5;
				MTL_ENABLE_DEBUG_INFO = INCLUDE_SOURCE;
				MTL_FAST_MATH = YES;
				ONLY_ACTIVE_ARCH = YES;
				SDKROOT = iphoneos;
				SWIFT_ACTIVE_COMPILATION_CONDITIONS = DEBUG;
				SWIFT_OPTIMIZATION_LEVEL = "-Onone";
			};
			name = Debug;
		};
		8DAC5B7424C1BA3C007A8B67 /* Release */ = {
			isa = XCBuildConfiguration;
			buildSettings = {
				ALWAYS_SEARCH_USER_PATHS = NO;
				CLANG_ANALYZER_NONNULL = YES;
				CLANG_ANALYZER_NUMBER_OBJECT_CONVERSION = YES_AGGRESSIVE;
				CLANG_CXX_LANGUAGE_STANDARD = "gnu++14";
				CLANG_CXX_LIBRARY = "libc++";
				CLANG_ENABLE_MODULES = YES;
				CLANG_ENABLE_OBJC_ARC = YES;
				CLANG_ENABLE_OBJC_WEAK = YES;
				CLANG_WARN_BLOCK_CAPTURE_AUTORELEASING = YES;
				CLANG_WARN_BOOL_CONVERSION = YES;
				CLANG_WARN_COMMA = YES;
				CLANG_WARN_CONSTANT_CONVERSION = YES;
				CLANG_WARN_DEPRECATED_OBJC_IMPLEMENTATIONS = YES;
				CLANG_WARN_DIRECT_OBJC_ISA_USAGE = YES_ERROR;
				CLANG_WARN_DOCUMENTATION_COMMENTS = YES;
				CLANG_WARN_EMPTY_BODY = YES;
				CLANG_WARN_ENUM_CONVERSION = YES;
				CLANG_WARN_INFINITE_RECURSION = YES;
				CLANG_WARN_INT_CONVERSION = YES;
				CLANG_WARN_NON_LITERAL_NULL_CONVERSION = YES;
				CLANG_WARN_OBJC_IMPLICIT_RETAIN_SELF = YES;
				CLANG_WARN_OBJC_LITERAL_CONVERSION = YES;
				CLANG_WARN_OBJC_ROOT_CLASS = YES_ERROR;
				CLANG_WARN_RANGE_LOOP_ANALYSIS = YES;
				CLANG_WARN_STRICT_PROTOTYPES = YES;
				CLANG_WARN_SUSPICIOUS_MOVE = YES;
				CLANG_WARN_UNGUARDED_AVAILABILITY = YES_AGGRESSIVE;
				CLANG_WARN_UNREACHABLE_CODE = YES;
				CLANG_WARN__DUPLICATE_METHOD_MATCH = YES;
				COPY_PHASE_STRIP = NO;
				DEBUG_INFORMATION_FORMAT = "dwarf-with-dsym";
				ENABLE_NS_ASSERTIONS = NO;
				ENABLE_STRICT_OBJC_MSGSEND = YES;
				GCC_C_LANGUAGE_STANDARD = gnu11;
				GCC_NO_COMMON_BLOCKS = YES;
				GCC_WARN_64_TO_32_BIT_CONVERSION = YES;
				GCC_WARN_ABOUT_RETURN_TYPE = YES_ERROR;
				GCC_WARN_UNDECLARED_SELECTOR = YES;
				GCC_WARN_UNINITIALIZED_AUTOS = YES_AGGRESSIVE;
				GCC_WARN_UNUSED_FUNCTION = YES;
				GCC_WARN_UNUSED_VARIABLE = YES;
				IPHONEOS_DEPLOYMENT_TARGET = 13.5;
				MTL_ENABLE_DEBUG_INFO = NO;
				MTL_FAST_MATH = YES;
				SDKROOT = iphoneos;
				SWIFT_COMPILATION_MODE = wholemodule;
				SWIFT_OPTIMIZATION_LEVEL = "-O";
				VALIDATE_PRODUCT = YES;
			};
			name = Release;
		};
		8DAC5B7624C1BA3C007A8B67 /* Debug */ = {
			isa = XCBuildConfiguration;
			buildSettings = {
				ASSETCATALOG_COMPILER_APPICON_NAME = AppIcon;
				CODE_SIGN_STYLE = Automatic;
				DEVELOPMENT_TEAM = 8V9298F7HL;
				FRAMEWORK_SEARCH_PATHS = (
					"$(inherited)",
					"$(PROJECT_DIR)/Carthage/Build/iOS",
				);
				INFOPLIST_FILE = WantedlyChallenge/Info.plist;
				IPHONEOS_DEPLOYMENT_TARGET = 11.0;
				LD_RUNPATH_SEARCH_PATHS = (
					"$(inherited)",
					"@executable_path/Frameworks",
				);
				PRODUCT_BUNDLE_IDENTIFIER = mori.WantedlyChallenge;
				PRODUCT_NAME = "$(TARGET_NAME)";
				SWIFT_VERSION = 5.0;
				TARGETED_DEVICE_FAMILY = 1;
			};
			name = Debug;
		};
		8DAC5B7724C1BA3C007A8B67 /* Release */ = {
			isa = XCBuildConfiguration;
			buildSettings = {
				ASSETCATALOG_COMPILER_APPICON_NAME = AppIcon;
				CODE_SIGN_STYLE = Automatic;
				DEVELOPMENT_TEAM = 8V9298F7HL;
				FRAMEWORK_SEARCH_PATHS = (
					"$(inherited)",
					"$(PROJECT_DIR)/Carthage/Build/iOS",
				);
				INFOPLIST_FILE = WantedlyChallenge/Info.plist;
				IPHONEOS_DEPLOYMENT_TARGET = 11.0;
				LD_RUNPATH_SEARCH_PATHS = (
					"$(inherited)",
					"@executable_path/Frameworks",
				);
				PRODUCT_BUNDLE_IDENTIFIER = mori.WantedlyChallenge;
				PRODUCT_NAME = "$(TARGET_NAME)";
				SWIFT_VERSION = 5.0;
				TARGETED_DEVICE_FAMILY = 1;
			};
			name = Release;
		};
		8DAC5B7924C1BA3C007A8B67 /* Debug */ = {
			isa = XCBuildConfiguration;
			buildSettings = {
				ALWAYS_EMBED_SWIFT_STANDARD_LIBRARIES = YES;
				BUNDLE_LOADER = "$(TEST_HOST)";
				CODE_SIGN_STYLE = Automatic;
				DEVELOPMENT_TEAM = 8V9298F7HL;
				INFOPLIST_FILE = WantedlyChallengeTests/Info.plist;
				IPHONEOS_DEPLOYMENT_TARGET = 13.5;
				LD_RUNPATH_SEARCH_PATHS = (
					"$(inherited)",
					"@executable_path/Frameworks",
					"@loader_path/Frameworks",
				);
				PRODUCT_BUNDLE_IDENTIFIER = mori.WantedlyChallengeTests;
				PRODUCT_NAME = "$(TARGET_NAME)";
				SWIFT_VERSION = 5.0;
				TARGETED_DEVICE_FAMILY = "1,2";
				TEST_HOST = "$(BUILT_PRODUCTS_DIR)/WantedlyChallenge.app/WantedlyChallenge";
			};
			name = Debug;
		};
		8DAC5B7A24C1BA3C007A8B67 /* Release */ = {
			isa = XCBuildConfiguration;
			buildSettings = {
				ALWAYS_EMBED_SWIFT_STANDARD_LIBRARIES = YES;
				BUNDLE_LOADER = "$(TEST_HOST)";
				CODE_SIGN_STYLE = Automatic;
				DEVELOPMENT_TEAM = 8V9298F7HL;
				INFOPLIST_FILE = WantedlyChallengeTests/Info.plist;
				IPHONEOS_DEPLOYMENT_TARGET = 13.5;
				LD_RUNPATH_SEARCH_PATHS = (
					"$(inherited)",
					"@executable_path/Frameworks",
					"@loader_path/Frameworks",
				);
				PRODUCT_BUNDLE_IDENTIFIER = mori.WantedlyChallengeTests;
				PRODUCT_NAME = "$(TARGET_NAME)";
				SWIFT_VERSION = 5.0;
				TARGETED_DEVICE_FAMILY = "1,2";
				TEST_HOST = "$(BUILT_PRODUCTS_DIR)/WantedlyChallenge.app/WantedlyChallenge";
			};
			name = Release;
		};
		8DAC5B7C24C1BA3C007A8B67 /* Debug */ = {
			isa = XCBuildConfiguration;
			buildSettings = {
				ALWAYS_EMBED_SWIFT_STANDARD_LIBRARIES = YES;
				CODE_SIGN_STYLE = Automatic;
				DEVELOPMENT_TEAM = 8V9298F7HL;
				INFOPLIST_FILE = WantedlyChallengeUITests/Info.plist;
				LD_RUNPATH_SEARCH_PATHS = (
					"$(inherited)",
					"@executable_path/Frameworks",
					"@loader_path/Frameworks",
				);
				PRODUCT_BUNDLE_IDENTIFIER = mori.WantedlyChallengeUITests;
				PRODUCT_NAME = "$(TARGET_NAME)";
				SWIFT_VERSION = 5.0;
				TARGETED_DEVICE_FAMILY = "1,2";
				TEST_TARGET_NAME = WantedlyChallenge;
			};
			name = Debug;
		};
		8DAC5B7D24C1BA3C007A8B67 /* Release */ = {
			isa = XCBuildConfiguration;
			buildSettings = {
				ALWAYS_EMBED_SWIFT_STANDARD_LIBRARIES = YES;
				CODE_SIGN_STYLE = Automatic;
				DEVELOPMENT_TEAM = 8V9298F7HL;
				INFOPLIST_FILE = WantedlyChallengeUITests/Info.plist;
				LD_RUNPATH_SEARCH_PATHS = (
					"$(inherited)",
					"@executable_path/Frameworks",
					"@loader_path/Frameworks",
				);
				PRODUCT_BUNDLE_IDENTIFIER = mori.WantedlyChallengeUITests;
				PRODUCT_NAME = "$(TARGET_NAME)";
				SWIFT_VERSION = 5.0;
				TARGETED_DEVICE_FAMILY = "1,2";
				TEST_TARGET_NAME = WantedlyChallenge;
			};
			name = Release;
		};
/* End XCBuildConfiguration section */

/* Begin XCConfigurationList section */
		8DAC5B4624C1BA3B007A8B67 /* Build configuration list for PBXProject "WantedlyChallenge" */ = {
			isa = XCConfigurationList;
			buildConfigurations = (
				8DAC5B7324C1BA3C007A8B67 /* Debug */,
				8DAC5B7424C1BA3C007A8B67 /* Release */,
			);
			defaultConfigurationIsVisible = 0;
			defaultConfigurationName = Release;
		};
		8DAC5B7524C1BA3C007A8B67 /* Build configuration list for PBXNativeTarget "WantedlyChallenge" */ = {
			isa = XCConfigurationList;
			buildConfigurations = (
				8DAC5B7624C1BA3C007A8B67 /* Debug */,
				8DAC5B7724C1BA3C007A8B67 /* Release */,
			);
			defaultConfigurationIsVisible = 0;
			defaultConfigurationName = Release;
		};
		8DAC5B7824C1BA3C007A8B67 /* Build configuration list for PBXNativeTarget "WantedlyChallengeTests" */ = {
			isa = XCConfigurationList;
			buildConfigurations = (
				8DAC5B7924C1BA3C007A8B67 /* Debug */,
				8DAC5B7A24C1BA3C007A8B67 /* Release */,
			);
			defaultConfigurationIsVisible = 0;
			defaultConfigurationName = Release;
		};
		8DAC5B7B24C1BA3C007A8B67 /* Build configuration list for PBXNativeTarget "WantedlyChallengeUITests" */ = {
			isa = XCConfigurationList;
			buildConfigurations = (
				8DAC5B7C24C1BA3C007A8B67 /* Debug */,
				8DAC5B7D24C1BA3C007A8B67 /* Release */,
			);
			defaultConfigurationIsVisible = 0;
			defaultConfigurationName = Release;
		};
/* End XCConfigurationList section */
	};
	rootObject = 8DAC5B4324C1BA3B007A8B67 /* Project object */;
}
